
Microsoft Visual Studio Solution File, Format Version 12.00
# Visual Studio Version 17
VisualStudioVersion = 17.10.35013.160
MinimumVisualStudioVersion = 10.0.40219.1
Project("{FAE04EC0-301F-11D3-BF4B-00C04F79EFBC}") = "Management", "Management\Management.csproj", "{3D3BE994-EF90-4E5C-AD87-C95245E15E2A}"
EndProject
Global
	GlobalSection(SolutionConfigurationPlatforms) = preSolution
		Debug|Any CPU = Debug|Any CPU
		Release|Any CPU = Release|Any CPU
	EndGlobalSection
	GlobalSection(ProjectConfigurationPlatforms) = postSolution
		{3D3BE994-EF90-4E5C-AD87-C95245E15E2A}.Debug|Any CPU.ActiveCfg = Debug|Any CPU
		{3D3BE994-EF90-4E5C-AD87-C95245E15E2A}.Debug|Any CPU.Build.0 = Debug|Any CPU
		{3D3BE994-EF90-4E5C-AD87-C95245E15E2A}.Release|Any CPU.ActiveCfg = Release|Any CPU
		{3D3BE994-EF90-4E5C-AD87-C95245E15E2A}.Release|Any CPU.Build.0 = Release|Any CPU
	EndGlobalSection
	GlobalSection(SolutionProperties) = preSolution
		HideSolutionNode = FALSE
	EndGlobalSection
	GlobalSection(ExtensibilityGlobals) = postSolution
		SolutionGuid = {7F6BCA24-1E7A-4CDD-95C9-CD8CDE63B5F1}
	EndGlobalSection
EndGlobal
